{
  "name": "gohugo-theme-wvu-ds-v2",
  "version": "0.0.2",
  "lockfileVersion": 2,
  "requires": true,
  "packages": {
    "": {
      "name": "gohugo-theme-wvu-ds-v2",
      "version": "0.0.2",
      "license": "MIT",
      "dependencies": {
        "@meom/navigation": "1.0.5",
        "parvus": "~2.4.0"
      },
      "devDependencies": {},
      "engines": {
        "node": ">=18.12.1",
        "npm": ">=8.19.2"
      }
    },
    "node_modules/@meom/navigation": {
      "version": "1.0.5",
      "resolved": "https://registry.npmjs.org/@meom/navigation/-/navigation-1.0.5.tgz",
      "integrity": "sha512-5HIcbAW703Zk8uWfn9MhuQmPDPrhgW40f/g4EWzQ39qUzoV1g45+ZrZRdxyVfpCO1IWN1eZvfRHgJihmIV1oPg=="
    },
    "node_modules/parvus": {
      "version": "2.4.0",
      "resolved": "https://registry.npmjs.org/parvus/-/parvus-2.4.0.tgz",
      "integrity": "sha512-BzznbkxrLto0wX+M1R54Z+eLBHo1JUTtmi6jH9JxAYs2Vc1bmYXMASbcLZi5/bmB1qJrCzo4tGgSbxB3fClZiA=="
    }
  },
  "dependencies": {
    "@meom/navigation": {
      "version": "1.0.5",
      "resolved": "https://registry.npmjs.org/@meom/navigation/-/navigation-1.0.5.tgz",
      "integrity": "sha512-5HIcbAW703Zk8uWfn9MhuQmPDPrhgW40f/g4EWzQ39qUzoV1g45+ZrZRdxyVfpCO1IWN1eZvfRHgJihmIV1oPg=="
    },
    "parvus": {
      "version": "2.4.0",
      "resolved": "https://registry.npmjs.org/parvus/-/parvus-2.4.0.tgz",
      "integrity": "sha512-BzznbkxrLto0wX+M1R54Z+eLBHo1JUTtmi6jH9JxAYs2Vc1bmYXMASbcLZi5/bmB1qJrCzo4tGgSbxB3fClZiA=="
    }
  }
}
